
Microsoft Visual Studio Solution File, Format Version 12.00
# Visual Studio Version 16
VisualStudioVersion = 16.0.32106.194
MinimumVisualStudioVersion = 10.0.40219.1
Project("{FAE04EC0-301F-11D3-BF4B-00C04F79EFBC}") = "TesteBackendEnContact", "TesteBackendEnContact\TesteBackendEnContact.csproj", "{AD6AD0B3-3274-4D34-8ABC-9145D7ADAA0C}"
EndProject
Global
	GlobalSection(SolutionConfigurationPlatforms) = preSolution
		Debug|Any CPU = Debug|Any CPU
		Release|Any CPU = Release|Any CPU
	EndGlobalSection
	GlobalSection(ProjectConfigurationPlatforms) = postSolution
		{AD6AD0B3-3274-4D34-8ABC-9145D7ADAA0C}.Debug|Any CPU.ActiveCfg = Debug|Any CPU
		{AD6AD0B3-3274-4D34-8ABC-9145D7ADAA0C}.Debug|Any CPU.Build.0 = Debug|Any CPU
		{AD6AD0B3-3274-4D34-8ABC-9145D7ADAA0C}.Release|Any CPU.ActiveCfg = Release|Any CPU
		{AD6AD0B3-3274-4D34-8ABC-9145D7ADAA0C}.Release|Any CPU.Build.0 = Release|Any CPU
	EndGlobalSection
	GlobalSection(SolutionProperties) = preSolution
		HideSolutionNode = FALSE
	EndGlobalSection
	GlobalSection(ExtensibilityGlobals) = postSolution
		SolutionGuid = {2F58D845-CB92-44CE-A2CE-17C5C38C1AC1}
	EndGlobalSection
EndGlobal
